// !$*UTF8*$!
{
	archiveVersion = 1;
	classes = {
	};
	objectVersion = 46;
	objects = {

/* Begin PBXBuildFile section */
		CE1F4AD61A7234FD0099D524 /* FMDatabase.m in Sources */ = {isa = PBXBuildFile; fileRef = CE1F4ACC1A7234FD0099D524 /* FMDatabase.m */; };
		CE1F4AD71A7234FD0099D524 /* FMDatabaseAdditions.m in Sources */ = {isa = PBXBuildFile; fileRef = CE1F4ACE1A7234FD0099D524 /* FMDatabaseAdditions.m */; };
		CE1F4AD81A7234FD0099D524 /* FMDatabasePool.m in Sources */ = {isa = PBXBuildFile; fileRef = CE1F4AD01A7234FD0099D524 /* FMDatabasePool.m */; };
		CE1F4AD91A7234FD0099D524 /* FMDatabaseQueue.m in Sources */ = {isa = PBXBuildFile; fileRef = CE1F4AD21A7234FD0099D524 /* FMDatabaseQueue.m */; };
		CE1F4ADA1A7234FD0099D524 /* FMResultSet.m in Sources */ = {isa = PBXBuildFile; fileRef = CE1F4AD51A7234FD0099D524 /* FMResultSet.m */; };
		CE1F4AF81A72373E0099D524 /* BackgroundTask.m in Sources */ = {isa = PBXBuildFile; fileRef = CE1F4AE51A72373E0099D524 /* BackgroundTask.m */; };
		CE1F4AF91A72373E0099D524 /* Brand.m in Sources */ = {isa = PBXBuildFile; fileRef = CE1F4AE71A72373E0099D524 /* Brand.m */; };
		CE1F4AFA1A72373E0099D524 /* Comment.m in Sources */ = {isa = PBXBuildFile; fileRef = CE1F4AE91A72373E0099D524 /* Comment.m */; };
		CE1F4AFB1A72373E0099D524 /* Image.m in Sources */ = {isa = PBXBuildFile; fileRef = CE1F4AEB1A72373E0099D524 /* Image.m */; };
		CE1F4AFD1A72373E0099D524 /* Note.m in Sources */ = {isa = PBXBuildFile; fileRef = CE1F4AEF1A72373E0099D524 /* Note.m */; };
		CE1F4AFE1A72373E0099D524 /* Notification.m in Sources */ = {isa = PBXBuildFile; fileRef = CE1F4AF11A72373E0099D524 /* Notification.m */; };
		CE1F4AFF1A72373E0099D524 /* Setting.m in Sources */ = {isa = PBXBuildFile; fileRef = CE1F4AF31A72373E0099D524 /* Setting.m */; };
		CE1F4B001A72373E0099D524 /* Theme.m in Sources */ = {isa = PBXBuildFile; fileRef = CE1F4AF51A72373E0099D524 /* Theme.m */; };
		CE1F4B011A72373E0099D524 /* User.m in Sources */ = {isa = PBXBuildFile; fileRef = CE1F4AF71A72373E0099D524 /* User.m */; };
		CE1F4B061A72378C0099D524 /* Image+ImageApi.m in Sources */ = {isa = PBXBuildFile; fileRef = CE1F4B031A72378C0099D524 /* Image+ImageApi.m */; };
		CE1F4B071A72378C0099D524 /* User+UserApi.m in Sources */ = {isa = PBXBuildFile; fileRef = CE1F4B051A72378C0099D524 /* User+UserApi.m */; };
		CE1F4B1C1A7237D40099D524 /* AFHTTPRequestOperation.m in Sources */ = {isa = PBXBuildFile; fileRef = CE1F4B0A1A7237D40099D524 /* AFHTTPRequestOperation.m */; };
		CE1F4B1D1A7237D40099D524 /* AFHTTPRequestOperationManager.m in Sources */ = {isa = PBXBuildFile; fileRef = CE1F4B0C1A7237D40099D524 /* AFHTTPRequestOperationManager.m */; };
		CE1F4B1E1A7237D40099D524 /* AFHTTPSessionManager.m in Sources */ = {isa = PBXBuildFile; fileRef = CE1F4B0E1A7237D40099D524 /* AFHTTPSessionManager.m */; };
		CE1F4B1F1A7237D40099D524 /* AFNetworkReachabilityManager.m in Sources */ = {isa = PBXBuildFile; fileRef = CE1F4B111A7237D40099D524 /* AFNetworkReachabilityManager.m */; };
		CE1F4B201A7237D40099D524 /* AFSecurityPolicy.m in Sources */ = {isa = PBXBuildFile; fileRef = CE1F4B131A7237D40099D524 /* AFSecurityPolicy.m */; };
		CE1F4B211A7237D40099D524 /* AFURLConnectionOperation.m in Sources */ = {isa = PBXBuildFile; fileRef = CE1F4B151A7237D40099D524 /* AFURLConnectionOperation.m */; };
		CE1F4B221A7237D40099D524 /* AFURLRequestSerialization.m in Sources */ = {isa = PBXBuildFile; fileRef = CE1F4B171A7237D40099D524 /* AFURLRequestSerialization.m */; };
		CE1F4B231A7237D40099D524 /* AFURLResponseSerialization.m in Sources */ = {isa = PBXBuildFile; fileRef = CE1F4B191A7237D40099D524 /* AFURLResponseSerialization.m */; };
		CE1F4B241A7237D40099D524 /* AFURLSessionManager.m in Sources */ = {isa = PBXBuildFile; fileRef = CE1F4B1B1A7237D40099D524 /* AFURLSessionManager.m */; };
		CE1F4B281A723B090099D524 /* CFNetwork.framework in Frameworks */ = {isa = PBXBuildFile; fileRef = CE1F4B271A723B090099D524 /* CFNetwork.framework */; };
		CE1F4B2A1A723B220099D524 /* SystemConfiguration.framework in Frameworks */ = {isa = PBXBuildFile; fileRef = CE1F4B291A723B220099D524 /* SystemConfiguration.framework */; };
		CE1F4B2C1A723B2C0099D524 /* Security.framework in Frameworks */ = {isa = PBXBuildFile; fileRef = CE1F4B2B1A723B2C0099D524 /* Security.framework */; };
		CE1F4B2E1A723B460099D524 /* MobileCoreServices.framework in Frameworks */ = {isa = PBXBuildFile; fileRef = CE1F4B2D1A723B460099D524 /* MobileCoreServices.framework */; };
		CE1F4B331A723BDB0099D524 /* AppConfig.m in Sources */ = {isa = PBXBuildFile; fileRef = CE1F4B301A723BDB0099D524 /* AppConfig.m */; };
		CE1F4B341A723BDB0099D524 /* Bootstrap.m in Sources */ = {isa = PBXBuildFile; fileRef = CE1F4B321A723BDB0099D524 /* Bootstrap.m */; };
		CE1F4B371A723CB30099D524 /* Model.m in Sources */ = {isa = PBXBuildFile; fileRef = CE1F4B361A723CB30099D524 /* Model.m */; };
		CE1F4B3A1A723CDF0099D524 /* DiskCache.m in Sources */ = {isa = PBXBuildFile; fileRef = CE1F4B391A723CDF0099D524 /* DiskCache.m */; };
		CE7AC79719CD93E50039FAE4 /* MemoryCache.m in Sources */ = {isa = PBXBuildFile; fileRef = CE7AC79619CD93E50039FAE4 /* MemoryCache.m */; };
		CE7AC79A19CD93F80039FAE4 /* NetworkCache.m in Sources */ = {isa = PBXBuildFile; fileRef = CE7AC79919CD93F80039FAE4 /* NetworkCache.m */; };
		CE95294918EF5400002A34B4 /* MapKit.framework in Frameworks */ = {isa = PBXBuildFile; fileRef = CE95294818EF5400002A34B4 /* MapKit.framework */; };
		CE9FD64218CEDD680039667F /* sql.txt in Resources */ = {isa = PBXBuildFile; fileRef = CE9FD64118CEDD680039667F /* sql.txt */; };
		CE9FD64418CEE5650039667F /* local.sqlite in Resources */ = {isa = PBXBuildFile; fileRef = CE9FD64318CEE5650039667F /* local.sqlite */; };
		CEDE242018C21CD50083B8DF /* Foundation.framework in Frameworks */ = {isa = PBXBuildFile; fileRef = CEDE241F18C21CD50083B8DF /* Foundation.framework */; };
		CEDE242218C21CD50083B8DF /* CoreGraphics.framework in Frameworks */ = {isa = PBXBuildFile; fileRef = CEDE242118C21CD50083B8DF /* CoreGraphics.framework */; };
		CEDE242418C21CD50083B8DF /* UIKit.framework in Frameworks */ = {isa = PBXBuildFile; fileRef = CEDE242318C21CD50083B8DF /* UIKit.framework */; };
		CEDE242A18C21CD50083B8DF /* InfoPlist.strings in Resources */ = {isa = PBXBuildFile; fileRef = CEDE242818C21CD50083B8DF /* InfoPlist.strings */; };
		CEDE242C18C21CD50083B8DF /* main.m in Sources */ = {isa = PBXBuildFile; fileRef = CEDE242B18C21CD50083B8DF /* main.m */; };
		CEDE243018C21CD50083B8DF /* AppDelegate.m in Sources */ = {isa = PBXBuildFile; fileRef = CEDE242F18C21CD50083B8DF /* AppDelegate.m */; };
		CEDE243B18C21CD50083B8DF /* Images.xcassets in Resources */ = {isa = PBXBuildFile; fileRef = CEDE243A18C21CD50083B8DF /* Images.xcassets */; };
		CEDE244218C21CD50083B8DF /* XCTest.framework in Frameworks */ = {isa = PBXBuildFile; fileRef = CEDE244118C21CD50083B8DF /* XCTest.framework */; };
		CEDE244318C21CD50083B8DF /* Foundation.framework in Frameworks */ = {isa = PBXBuildFile; fileRef = CEDE241F18C21CD50083B8DF /* Foundation.framework */; };
		CEDE244418C21CD50083B8DF /* UIKit.framework in Frameworks */ = {isa = PBXBuildFile; fileRef = CEDE242318C21CD50083B8DF /* UIKit.framework */; };
		CEDE244C18C21CD50083B8DF /* InfoPlist.strings in Resources */ = {isa = PBXBuildFile; fileRef = CEDE244A18C21CD50083B8DF /* InfoPlist.strings */; };
		CEDE249A18C233420083B8DF /* libsqlite3.dylib in Frameworks */ = {isa = PBXBuildFile; fileRef = CEDE249918C233420083B8DF /* libsqlite3.dylib */; };
/* End PBXBuildFile section */

/* Begin PBXContainerItemProxy section */
		CEDE244518C21CD50083B8DF /* PBXContainerItemProxy */ = {
			isa = PBXContainerItemProxy;
			containerPortal = CEDE241418C21CD50083B8DF /* Project object */;
			proxyType = 1;
			remoteGlobalIDString = CEDE241B18C21CD50083B8DF;
			remoteInfo = quicknote;
		};
/* End PBXContainerItemProxy section */

/* Begin PBXFileReference section */
		CE1F4ACB1A7234FD0099D524 /* FMDatabase.h */ = {isa = PBXFileReference; fileEncoding = 4; lastKnownFileType = sourcecode.c.h; path = FMDatabase.h; sourceTree = "<group>"; };
		CE1F4ACC1A7234FD0099D524 /* FMDatabase.m */ = {isa = PBXFileReference; fileEncoding = 4; lastKnownFileType = sourcecode.c.objc; path = FMDatabase.m; sourceTree = "<group>"; };
		CE1F4ACD1A7234FD0099D524 /* FMDatabaseAdditions.h */ = {isa = PBXFileReference; fileEncoding = 4; lastKnownFileType = sourcecode.c.h; path = FMDatabaseAdditions.h; sourceTree = "<group>"; };
		CE1F4ACE1A7234FD0099D524 /* FMDatabaseAdditions.m */ = {isa = PBXFileReference; fileEncoding = 4; lastKnownFileType = sourcecode.c.objc; path = FMDatabaseAdditions.m; sourceTree = "<group>"; };
		CE1F4ACF1A7234FD0099D524 /* FMDatabasePool.h */ = {isa = PBXFileReference; fileEncoding = 4; lastKnownFileType = sourcecode.c.h; path = FMDatabasePool.h; sourceTree = "<group>"; };
		CE1F4AD01A7234FD0099D524 /* FMDatabasePool.m */ = {isa = PBXFileReference; fileEncoding = 4; lastKnownFileType = sourcecode.c.objc; path = FMDatabasePool.m; sourceTree = "<group>"; };
		CE1F4AD11A7234FD0099D524 /* FMDatabaseQueue.h */ = {isa = PBXFileReference; fileEncoding = 4; lastKnownFileType = sourcecode.c.h; path = FMDatabaseQueue.h; sourceTree = "<group>"; };
		CE1F4AD21A7234FD0099D524 /* FMDatabaseQueue.m */ = {isa = PBXFileReference; fileEncoding = 4; lastKnownFileType = sourcecode.c.objc; path = FMDatabaseQueue.m; sourceTree = "<group>"; };
		CE1F4AD31A7234FD0099D524 /* FMDB.h */ = {isa = PBXFileReference; fileEncoding = 4; lastKnownFileType = sourcecode.c.h; path = FMDB.h; sourceTree = "<group>"; };
		CE1F4AD41A7234FD0099D524 /* FMResultSet.h */ = {isa = PBXFileReference; fileEncoding = 4; lastKnownFileType = sourcecode.c.h; path = FMResultSet.h; sourceTree = "<group>"; };
		CE1F4AD51A7234FD0099D524 /* FMResultSet.m */ = {isa = PBXFileReference; fileEncoding = 4; lastKnownFileType = sourcecode.c.objc; path = FMResultSet.m; sourceTree = "<group>"; };
		CE1F4AE41A72373E0099D524 /* BackgroundTask.h */ = {isa = PBXFileReference; fileEncoding = 4; lastKnownFileType = sourcecode.c.h; path = BackgroundTask.h; sourceTree = "<group>"; };
		CE1F4AE51A72373E0099D524 /* BackgroundTask.m */ = {isa = PBXFileReference; fileEncoding = 4; lastKnownFileType = sourcecode.c.objc; path = BackgroundTask.m; sourceTree = "<group>"; };
		CE1F4AE61A72373E0099D524 /* Brand.h */ = {isa = PBXFileReference; fileEncoding = 4; lastKnownFileType = sourcecode.c.h; path = Brand.h; sourceTree = "<group>"; };
		CE1F4AE71A72373E0099D524 /* Brand.m */ = {isa = PBXFileReference; fileEncoding = 4; lastKnownFileType = sourcecode.c.objc; path = Brand.m; sourceTree = "<group>"; };
		CE1F4AE81A72373E0099D524 /* Comment.h */ = {isa = PBXFileReference; fileEncoding = 4; lastKnownFileType = sourcecode.c.h; path = Comment.h; sourceTree = "<group>"; };
		CE1F4AE91A72373E0099D524 /* Comment.m */ = {isa = PBXFileReference; fileEncoding = 4; lastKnownFileType = sourcecode.c.objc; path = Comment.m; sourceTree = "<group>"; };
		CE1F4AEA1A72373E0099D524 /* Image.h */ = {isa = PBXFileReference; fileEncoding = 4; lastKnownFileType = sourcecode.c.h; path = Image.h; sourceTree = "<group>"; };
		CE1F4AEB1A72373E0099D524 /* Image.m */ = {isa = PBXFileReference; fileEncoding = 4; lastKnownFileType = sourcecode.c.objc; path = Image.m; sourceTree = "<group>"; };
		CE1F4AEE1A72373E0099D524 /* Note.h */ = {isa = PBXFileReference; fileEncoding = 4; lastKnownFileType = sourcecode.c.h; path = Note.h; sourceTree = "<group>"; };
		CE1F4AEF1A72373E0099D524 /* Note.m */ = {isa = PBXFileReference; fileEncoding = 4; lastKnownFileType = sourcecode.c.objc; path = Note.m; sourceTree = "<group>"; };
		CE1F4AF01A72373E0099D524 /* Notification.h */ = {isa = PBXFileReference; fileEncoding = 4; lastKnownFileType = sourcecode.c.h; path = Notification.h; sourceTree = "<group>"; };
		CE1F4AF11A72373E0099D524 /* Notification.m */ = {isa = PBXFileReference; fileEncoding = 4; lastKnownFileType = sourcecode.c.objc; path = Notification.m; sourceTree = "<group>"; };
		CE1F4AF21A72373E0099D524 /* Setting.h */ = {isa = PBXFileReference; fileEncoding = 4; lastKnownFileType = sourcecode.c.h; path = Setting.h; sourceTree = "<group>"; };
		CE1F4AF31A72373E0099D524 /* Setting.m */ = {isa = PBXFileReference; fileEncoding = 4; lastKnownFileType = sourcecode.c.objc; path = Setting.m; sourceTree = "<group>"; };
		CE1F4AF41A72373E0099D524 /* Theme.h */ = {isa = PBXFileReference; fileEncoding = 4; lastKnownFileType = sourcecode.c.h; path = Theme.h; sourceTree = "<group>"; };
		CE1F4AF51A72373E0099D524 /* Theme.m */ = {isa = PBXFileReference; fileEncoding = 4; lastKnownFileType = sourcecode.c.objc; path = Theme.m; sourceTree = "<group>"; };
		CE1F4AF61A72373E0099D524 /* User.h */ = {isa = PBXFileReference; fileEncoding = 4; lastKnownFileType = sourcecode.c.h; path = User.h; sourceTree = "<group>"; };
		CE1F4AF71A72373E0099D524 /* User.m */ = {isa = PBXFileReference; fileEncoding = 4; lastKnownFileType = sourcecode.c.objc; path = User.m; sourceTree = "<group>"; };
		CE1F4B021A72378C0099D524 /* Image+ImageApi.h */ = {isa = PBXFileReference; fileEncoding = 4; lastKnownFileType = sourcecode.c.h; path = "Image+ImageApi.h"; sourceTree = "<group>"; };
		CE1F4B031A72378C0099D524 /* Image+ImageApi.m */ = {isa = PBXFileReference; fileEncoding = 4; lastKnownFileType = sourcecode.c.objc; path = "Image+ImageApi.m"; sourceTree = "<group>"; };
		CE1F4B041A72378C0099D524 /* User+UserApi.h */ = {isa = PBXFileReference; fileEncoding = 4; lastKnownFileType = sourcecode.c.h; path = "User+UserApi.h"; sourceTree = "<group>"; };
		CE1F4B051A72378C0099D524 /* User+UserApi.m */ = {isa = PBXFileReference; fileEncoding = 4; lastKnownFileType = sourcecode.c.objc; path = "User+UserApi.m"; sourceTree = "<group>"; };
		CE1F4B091A7237D40099D524 /* AFHTTPRequestOperation.h */ = {isa = PBXFileReference; fileEncoding = 4; lastKnownFileType = sourcecode.c.h; path = AFHTTPRequestOperation.h; sourceTree = "<group>"; };
		CE1F4B0A1A7237D40099D524 /* AFHTTPRequestOperation.m */ = {isa = PBXFileReference; fileEncoding = 4; lastKnownFileType = sourcecode.c.objc; path = AFHTTPRequestOperation.m; sourceTree = "<group>"; };
		CE1F4B0B1A7237D40099D524 /* AFHTTPRequestOperationManager.h */ = {isa = PBXFileReference; fileEncoding = 4; lastKnownFileType = sourcecode.c.h; path = AFHTTPRequestOperationManager.h; sourceTree = "<group>"; };
		CE1F4B0C1A7237D40099D524 /* AFHTTPRequestOperationManager.m */ = {isa = PBXFileReference; fileEncoding = 4; lastKnownFileType = sourcecode.c.objc; path = AFHTTPRequestOperationManager.m; sourceTree = "<group>"; };
		CE1F4B0D1A7237D40099D524 /* AFHTTPSessionManager.h */ = {isa = PBXFileReference; fileEncoding = 4; lastKnownFileType = sourcecode.c.h; path = AFHTTPSessionManager.h; sourceTree = "<group>"; };
		CE1F4B0E1A7237D40099D524 /* AFHTTPSessionManager.m */ = {isa = PBXFileReference; fileEncoding = 4; lastKnownFileType = sourcecode.c.objc; path = AFHTTPSessionManager.m; sourceTree = "<group>"; };
		CE1F4B0F1A7237D40099D524 /* AFNetworking.h */ = {isa = PBXFileReference; fileEncoding = 4; lastKnownFileType = sourcecode.c.h; path = AFNetworking.h; sourceTree = "<group>"; };
		CE1F4B101A7237D40099D524 /* AFNetworkReachabilityManager.h */ = {isa = PBXFileReference; fileEncoding = 4; lastKnownFileType = sourcecode.c.h; path = AFNetworkReachabilityManager.h; sourceTree = "<group>"; };
		CE1F4B111A7237D40099D524 /* AFNetworkReachabilityManager.m */ = {isa = PBXFileReference; fileEncoding = 4; lastKnownFileType = sourcecode.c.objc; path = AFNetworkReachabilityManager.m; sourceTree = "<group>"; };
		CE1F4B121A7237D40099D524 /* AFSecurityPolicy.h */ = {isa = PBXFileReference; fileEncoding = 4; lastKnownFileType = sourcecode.c.h; path = AFSecurityPolicy.h; sourceTree = "<group>"; };
		CE1F4B131A7237D40099D524 /* AFSecurityPolicy.m */ = {isa = PBXFileReference; fileEncoding = 4; lastKnownFileType = sourcecode.c.objc; path = AFSecurityPolicy.m; sourceTree = "<group>"; };
		CE1F4B141A7237D40099D524 /* AFURLConnectionOperation.h */ = {isa = PBXFileReference; fileEncoding = 4; lastKnownFileType = sourcecode.c.h; path = AFURLConnectionOperation.h; sourceTree = "<group>"; };
		CE1F4B151A7237D40099D524 /* AFURLConnectionOperation.m */ = {isa = PBXFileReference; fileEncoding = 4; lastKnownFileType = sourcecode.c.objc; path = AFURLConnectionOperation.m; sourceTree = "<group>"; };
		CE1F4B161A7237D40099D524 /* AFURLRequestSerialization.h */ = {isa = PBXFileReference; fileEncoding = 4; lastKnownFileType = sourcecode.c.h; path = AFURLRequestSerialization.h; sourceTree = "<group>"; };
		CE1F4B171A7237D40099D524 /* AFURLRequestSerialization.m */ = {isa = PBXFileReference; fileEncoding = 4; lastKnownFileType = sourcecode.c.objc; path = AFURLRequestSerialization.m; sourceTree = "<group>"; };
		CE1F4B181A7237D40099D524 /* AFURLResponseSerialization.h */ = {isa = PBXFileReference; fileEncoding = 4; lastKnownFileType = sourcecode.c.h; path = AFURLResponseSerialization.h; sourceTree = "<group>"; };
		CE1F4B191A7237D40099D524 /* AFURLResponseSerialization.m */ = {isa = PBXFileReference; fileEncoding = 4; lastKnownFileType = sourcecode.c.objc; path = AFURLResponseSerialization.m; sourceTree = "<group>"; };
		CE1F4B1A1A7237D40099D524 /* AFURLSessionManager.h */ = {isa = PBXFileReference; fileEncoding = 4; lastKnownFileType = sourcecode.c.h; path = AFURLSessionManager.h; sourceTree = "<group>"; };
		CE1F4B1B1A7237D40099D524 /* AFURLSessionManager.m */ = {isa = PBXFileReference; fileEncoding = 4; lastKnownFileType = sourcecode.c.objc; path = AFURLSessionManager.m; sourceTree = "<group>"; };
		CE1F4B251A7237FF0099D524 /* Global.h */ = {isa = PBXFileReference; lastKnownFileType = sourcecode.c.h; path = Global.h; sourceTree = "<group>"; };
		CE1F4B271A723B090099D524 /* CFNetwork.framework */ = {isa = PBXFileReference; lastKnownFileType = wrapper.framework; name = CFNetwork.framework; path = System/Library/Frameworks/CFNetwork.framework; sourceTree = SDKROOT; };
		CE1F4B291A723B220099D524 /* SystemConfiguration.framework */ = {isa = PBXFileReference; lastKnownFileType = wrapper.framework; name = SystemConfiguration.framework; path = System/Library/Frameworks/SystemConfiguration.framework; sourceTree = SDKROOT; };
		CE1F4B2B1A723B2C0099D524 /* Security.framework */ = {isa = PBXFileReference; lastKnownFileType = wrapper.framework; name = Security.framework; path = System/Library/Frameworks/Security.framework; sourceTree = SDKROOT; };
		CE1F4B2D1A723B460099D524 /* MobileCoreServices.framework */ = {isa = PBXFileReference; lastKnownFileType = wrapper.framework; name = MobileCoreServices.framework; path = System/Library/Frameworks/MobileCoreServices.framework; sourceTree = SDKROOT; };
		CE1F4B2F1A723BDB0099D524 /* AppConfig.h */ = {isa = PBXFileReference; fileEncoding = 4; lastKnownFileType = sourcecode.c.h; path = AppConfig.h; sourceTree = "<group>"; };
		CE1F4B301A723BDB0099D524 /* AppConfig.m */ = {isa = PBXFileReference; fileEncoding = 4; lastKnownFileType = sourcecode.c.objc; path = AppConfig.m; sourceTree = "<group>"; };
		CE1F4B311A723BDB0099D524 /* Bootstrap.h */ = {isa = PBXFileReference; fileEncoding = 4; lastKnownFileType = sourcecode.c.h; path = Bootstrap.h; sourceTree = "<group>"; };
		CE1F4B321A723BDB0099D524 /* Bootstrap.m */ = {isa = PBXFileReference; fileEncoding = 4; lastKnownFileType = sourcecode.c.objc; path = Bootstrap.m; sourceTree = "<group>"; };
		CE1F4B351A723CB30099D524 /* Model.h */ = {isa = PBXFileReference; fileEncoding = 4; lastKnownFileType = sourcecode.c.h; path = Model.h; sourceTree = "<group>"; };
		CE1F4B361A723CB30099D524 /* Model.m */ = {isa = PBXFileReference; fileEncoding = 4; lastKnownFileType = sourcecode.c.objc; path = Model.m; sourceTree = "<group>"; };
		CE1F4B381A723CDF0099D524 /* DiskCache.h */ = {isa = PBXFileReference; fileEncoding = 4; lastKnownFileType = sourcecode.c.h; path = DiskCache.h; sourceTree = "<group>"; };
		CE1F4B391A723CDF0099D524 /* DiskCache.m */ = {isa = PBXFileReference; fileEncoding = 4; lastKnownFileType = sourcecode.c.objc; path = DiskCache.m; sourceTree = "<group>"; };
		CE7AC79519CD93E50039FAE4 /* MemoryCache.h */ = {isa = PBXFileReference; fileEncoding = 4; lastKnownFileType = sourcecode.c.h; path = MemoryCache.h; sourceTree = "<group>"; };
		CE7AC79619CD93E50039FAE4 /* MemoryCache.m */ = {isa = PBXFileReference; fileEncoding = 4; lastKnownFileType = sourcecode.c.objc; path = MemoryCache.m; sourceTree = "<group>"; };
		CE7AC79819CD93F80039FAE4 /* NetworkCache.h */ = {isa = PBXFileReference; fileEncoding = 4; lastKnownFileType = sourcecode.c.h; path = NetworkCache.h; sourceTree = "<group>"; };
		CE7AC79919CD93F80039FAE4 /* NetworkCache.m */ = {isa = PBXFileReference; fileEncoding = 4; lastKnownFileType = sourcecode.c.objc; path = NetworkCache.m; sourceTree = "<group>"; };
		CE95294818EF5400002A34B4 /* MapKit.framework */ = {isa = PBXFileReference; lastKnownFileType = wrapper.framework; name = MapKit.framework; path = System/Library/Frameworks/MapKit.framework; sourceTree = SDKROOT; };
		CE9FD64118CEDD680039667F /* sql.txt */ = {isa = PBXFileReference; fileEncoding = 4; lastKnownFileType = text; path = sql.txt; sourceTree = "<group>"; };
		CE9FD64318CEE5650039667F /* local.sqlite */ = {isa = PBXFileReference; lastKnownFileType = file; path = local.sqlite; sourceTree = "<group>"; };
		CEDE241C18C21CD50083B8DF /* Quick.app */ = {isa = PBXFileReference; explicitFileType = wrapper.application; includeInIndex = 0; path = Quick.app; sourceTree = BUILT_PRODUCTS_DIR; };
		CEDE241F18C21CD50083B8DF /* Foundation.framework */ = {isa = PBXFileReference; lastKnownFileType = wrapper.framework; name = Foundation.framework; path = System/Library/Frameworks/Foundation.framework; sourceTree = SDKROOT; };
		CEDE242118C21CD50083B8DF /* CoreGraphics.framework */ = {isa = PBXFileReference; lastKnownFileType = wrapper.framework; name = CoreGraphics.framework; path = System/Library/Frameworks/CoreGraphics.framework; sourceTree = SDKROOT; };
		CEDE242318C21CD50083B8DF /* UIKit.framework */ = {isa = PBXFileReference; lastKnownFileType = wrapper.framework; name = UIKit.framework; path = System/Library/Frameworks/UIKit.framework; sourceTree = SDKROOT; };
		CEDE242718C21CD50083B8DF /* Quick-Info.plist */ = {isa = PBXFileReference; lastKnownFileType = text.plist.xml; path = "Quick-Info.plist"; sourceTree = "<group>"; };
		CEDE242918C21CD50083B8DF /* en */ = {isa = PBXFileReference; lastKnownFileType = text.plist.strings; name = en; path = en.lproj/InfoPlist.strings; sourceTree = "<group>"; };
		CEDE242B18C21CD50083B8DF /* main.m */ = {isa = PBXFileReference; lastKnownFileType = sourcecode.c.objc; path = main.m; sourceTree = "<group>"; };
		CEDE242D18C21CD50083B8DF /* Quick-Prefix.pch */ = {isa = PBXFileReference; lastKnownFileType = sourcecode.c.h; path = "Quick-Prefix.pch"; sourceTree = "<group>"; };
		CEDE242E18C21CD50083B8DF /* AppDelegate.h */ = {isa = PBXFileReference; lastKnownFileType = sourcecode.c.h; path = AppDelegate.h; sourceTree = "<group>"; };
		CEDE242F18C21CD50083B8DF /* AppDelegate.m */ = {isa = PBXFileReference; lastKnownFileType = sourcecode.c.objc; path = AppDelegate.m; sourceTree = "<group>"; };
		CEDE243A18C21CD50083B8DF /* Images.xcassets */ = {isa = PBXFileReference; lastKnownFileType = folder.assetcatalog; path = Images.xcassets; sourceTree = "<group>"; };
		CEDE244018C21CD50083B8DF /* QuickTests.xctest */ = {isa = PBXFileReference; explicitFileType = wrapper.cfbundle; includeInIndex = 0; path = QuickTests.xctest; sourceTree = BUILT_PRODUCTS_DIR; };
		CEDE244118C21CD50083B8DF /* XCTest.framework */ = {isa = PBXFileReference; lastKnownFileType = wrapper.framework; name = XCTest.framework; path = Library/Frameworks/XCTest.framework; sourceTree = DEVELOPER_DIR; };
		CEDE244918C21CD50083B8DF /* QuickTests-Info.plist */ = {isa = PBXFileReference; lastKnownFileType = text.plist.xml; path = "QuickTests-Info.plist"; sourceTree = "<group>"; };
		CEDE244B18C21CD50083B8DF /* en */ = {isa = PBXFileReference; lastKnownFileType = text.plist.strings; name = en; path = en.lproj/InfoPlist.strings; sourceTree = "<group>"; };
		CEDE249918C233420083B8DF /* libsqlite3.dylib */ = {isa = PBXFileReference; lastKnownFileType = "compiled.mach-o.dylib"; name = libsqlite3.dylib; path = usr/lib/libsqlite3.dylib; sourceTree = SDKROOT; };
/* End PBXFileReference section */

/* Begin PBXFrameworksBuildPhase section */
		CEDE241918C21CD50083B8DF /* Frameworks */ = {
			isa = PBXFrameworksBuildPhase;
			buildActionMask = 2147483647;
			files = (
				CE1F4B2E1A723B460099D524 /* MobileCoreServices.framework in Frameworks */,
				CE1F4B2C1A723B2C0099D524 /* Security.framework in Frameworks */,
				CE1F4B2A1A723B220099D524 /* SystemConfiguration.framework in Frameworks */,
				CE1F4B281A723B090099D524 /* CFNetwork.framework in Frameworks */,
				CEDE249A18C233420083B8DF /* libsqlite3.dylib in Frameworks */,
				CEDE242218C21CD50083B8DF /* CoreGraphics.framework in Frameworks */,
				CE95294918EF5400002A34B4 /* MapKit.framework in Frameworks */,
				CEDE242418C21CD50083B8DF /* UIKit.framework in Frameworks */,
				CEDE242018C21CD50083B8DF /* Foundation.framework in Frameworks */,
			);
			runOnlyForDeploymentPostprocessing = 0;
		};
		CEDE243D18C21CD50083B8DF /* Frameworks */ = {
			isa = PBXFrameworksBuildPhase;
			buildActionMask = 2147483647;
			files = (
				CEDE244218C21CD50083B8DF /* XCTest.framework in Frameworks */,
				CEDE244418C21CD50083B8DF /* UIKit.framework in Frameworks */,
				CEDE244318C21CD50083B8DF /* Foundation.framework in Frameworks */,
			);
			runOnlyForDeploymentPostprocessing = 0;
		};
/* End PBXFrameworksBuildPhase section */

/* Begin PBXGroup section */
		CE1F4ACA1A7234FD0099D524 /* fmdb */ = {
			isa = PBXGroup;
			children = (
				CE1F4ACB1A7234FD0099D524 /* FMDatabase.h */,
				CE1F4ACC1A7234FD0099D524 /* FMDatabase.m */,
				CE1F4ACD1A7234FD0099D524 /* FMDatabaseAdditions.h */,
				CE1F4ACE1A7234FD0099D524 /* FMDatabaseAdditions.m */,
				CE1F4ACF1A7234FD0099D524 /* FMDatabasePool.h */,
				CE1F4AD01A7234FD0099D524 /* FMDatabasePool.m */,
				CE1F4AD11A7234FD0099D524 /* FMDatabaseQueue.h */,
				CE1F4AD21A7234FD0099D524 /* FMDatabaseQueue.m */,
				CE1F4AD31A7234FD0099D524 /* FMDB.h */,
				CE1F4AD41A7234FD0099D524 /* FMResultSet.h */,
				CE1F4AD51A7234FD0099D524 /* FMResultSet.m */,
			);
			name = fmdb;
			path = "../../../../../../Users/hello/Downloads/fmdb-master/src/fmdb";
			sourceTree = "<group>";
		};
		CE1F4B081A7237D40099D524 /* AFNetworking */ = {
			isa = PBXGroup;
			children = (
				CE1F4B091A7237D40099D524 /* AFHTTPRequestOperation.h */,
				CE1F4B0A1A7237D40099D524 /* AFHTTPRequestOperation.m */,
				CE1F4B0B1A7237D40099D524 /* AFHTTPRequestOperationManager.h */,
				CE1F4B0C1A7237D40099D524 /* AFHTTPRequestOperationManager.m */,
				CE1F4B0D1A7237D40099D524 /* AFHTTPSessionManager.h */,
				CE1F4B0E1A7237D40099D524 /* AFHTTPSessionManager.m */,
				CE1F4B0F1A7237D40099D524 /* AFNetworking.h */,
				CE1F4B101A7237D40099D524 /* AFNetworkReachabilityManager.h */,
				CE1F4B111A7237D40099D524 /* AFNetworkReachabilityManager.m */,
				CE1F4B121A7237D40099D524 /* AFSecurityPolicy.h */,
				CE1F4B131A7237D40099D524 /* AFSecurityPolicy.m */,
				CE1F4B141A7237D40099D524 /* AFURLConnectionOperation.h */,
				CE1F4B151A7237D40099D524 /* AFURLConnectionOperation.m */,
				CE1F4B161A7237D40099D524 /* AFURLRequestSerialization.h */,
				CE1F4B171A7237D40099D524 /* AFURLRequestSerialization.m */,
				CE1F4B181A7237D40099D524 /* AFURLResponseSerialization.h */,
				CE1F4B191A7237D40099D524 /* AFURLResponseSerialization.m */,
				CE1F4B1A1A7237D40099D524 /* AFURLSessionManager.h */,
				CE1F4B1B1A7237D40099D524 /* AFURLSessionManager.m */,
			);
			name = AFNetworking;
			path = "../../../../../../Users/hello/Downloads/AFNetworking-master/AFNetworking";
			sourceTree = "<group>";
		};
		CE642A2019AEF46F004FD9EF /* Entity */ = {
			isa = PBXGroup;
			children = (
				CE1F4AE41A72373E0099D524 /* BackgroundTask.h */,
				CE1F4AE51A72373E0099D524 /* BackgroundTask.m */,
				CE1F4AE61A72373E0099D524 /* Brand.h */,
				CE1F4AE71A72373E0099D524 /* Brand.m */,
				CE1F4AE81A72373E0099D524 /* Comment.h */,
				CE1F4AE91A72373E0099D524 /* Comment.m */,
				CE1F4AEA1A72373E0099D524 /* Image.h */,
				CE1F4AEB1A72373E0099D524 /* Image.m */,
				CE1F4AEE1A72373E0099D524 /* Note.h */,
				CE1F4AEF1A72373E0099D524 /* Note.m */,
				CE1F4AF01A72373E0099D524 /* Notification.h */,
				CE1F4AF11A72373E0099D524 /* Notification.m */,
				CE1F4AF21A72373E0099D524 /* Setting.h */,
				CE1F4AF31A72373E0099D524 /* Setting.m */,
				CE1F4AF41A72373E0099D524 /* Theme.h */,
				CE1F4AF51A72373E0099D524 /* Theme.m */,
				CE1F4AF61A72373E0099D524 /* User.h */,
				CE1F4AF71A72373E0099D524 /* User.m */,
			);
			name = Entity;
			path = ../Model/Entity;
			sourceTree = "<group>";
		};
		CE642A2119AEF567004FD9EF /* Api */ = {
			isa = PBXGroup;
			children = (
				CE1F4B021A72378C0099D524 /* Image+ImageApi.h */,
				CE1F4B031A72378C0099D524 /* Image+ImageApi.m */,
				CE1F4B041A72378C0099D524 /* User+UserApi.h */,
				CE1F4B051A72378C0099D524 /* User+UserApi.m */,
			);
			name = Api;
			path = ../Model/Api;
			sourceTree = "<group>";
		};
		CE642A2619AEF63F004FD9EF /* Utils */ = {
			isa = PBXGroup;
			children = (
				CE1F4B381A723CDF0099D524 /* DiskCache.h */,
				CE1F4B391A723CDF0099D524 /* DiskCache.m */,
				CE7AC79519CD93E50039FAE4 /* MemoryCache.h */,
				CE7AC79619CD93E50039FAE4 /* MemoryCache.m */,
				CE7AC79819CD93F80039FAE4 /* NetworkCache.h */,
				CE7AC79919CD93F80039FAE4 /* NetworkCache.m */,
			);
			path = Utils;
			sourceTree = "<group>";
		};
		CE642A2719AEF67C004FD9EF /* Boot */ = {
			isa = PBXGroup;
			children = (
				CE1F4B2F1A723BDB0099D524 /* AppConfig.h */,
				CE1F4B301A723BDB0099D524 /* AppConfig.m */,
				CE1F4B311A723BDB0099D524 /* Bootstrap.h */,
				CE1F4B321A723BDB0099D524 /* Bootstrap.m */,
			);
			path = Boot;
			sourceTree = "<group>";
		};
		CECA11C3197E8AED004EBFD5 /* IPhone */ = {
			isa = PBXGroup;
			children = (
			);
			name = IPhone;
			path = iphone;
			sourceTree = "<group>";
		};
		CECA11C4197E8B0D004EBFD5 /* IPAD */ = {
			isa = PBXGroup;
			children = (
			);
			path = IPAD;
			sourceTree = "<group>";
		};
		CEDE241318C21CD50083B8DF = {
			isa = PBXGroup;
			children = (
				CEDE242518C21CD50083B8DF /* Source */,
				CEDE244718C21CD50083B8DF /* Tests */,
				CEDE241E18C21CD50083B8DF /* Frameworks */,
				CEDE241D18C21CD50083B8DF /* Products */,
			);
			sourceTree = "<group>";
		};
		CEDE241D18C21CD50083B8DF /* Products */ = {
			isa = PBXGroup;
			children = (
				CEDE241C18C21CD50083B8DF /* Quick.app */,
				CEDE244018C21CD50083B8DF /* QuickTests.xctest */,
			);
			name = Products;
			sourceTree = "<group>";
		};
		CEDE241E18C21CD50083B8DF /* Frameworks */ = {
			isa = PBXGroup;
			children = (
				CE1F4B2D1A723B460099D524 /* MobileCoreServices.framework */,
				CE1F4B2B1A723B2C0099D524 /* Security.framework */,
				CE1F4B291A723B220099D524 /* SystemConfiguration.framework */,
				CE1F4B271A723B090099D524 /* CFNetwork.framework */,
				CE95294818EF5400002A34B4 /* MapKit.framework */,
				CEDE249918C233420083B8DF /* libsqlite3.dylib */,
				CEDE241F18C21CD50083B8DF /* Foundation.framework */,
				CEDE242118C21CD50083B8DF /* CoreGraphics.framework */,
				CEDE242318C21CD50083B8DF /* UIKit.framework */,
				CEDE244118C21CD50083B8DF /* XCTest.framework */,
			);
			name = Frameworks;
			sourceTree = "<group>";
		};
		CEDE242518C21CD50083B8DF /* Source */ = {
			isa = PBXGroup;
			children = (
				CEDE246B18C232CB0083B8DF /* Lib */,
				CEDE245918C21E370083B8DF /* Data */,
				CE642A2619AEF63F004FD9EF /* Utils */,
				CEDE245718C21E1C0083B8DF /* Model */,
				CE642A2719AEF67C004FD9EF /* Boot */,
				CECA11C4197E8B0D004EBFD5 /* IPAD */,
				CECA11C3197E8AED004EBFD5 /* IPhone */,
				CEDE242E18C21CD50083B8DF /* AppDelegate.h */,
				CEDE242F18C21CD50083B8DF /* AppDelegate.m */,
				CEDE243A18C21CD50083B8DF /* Images.xcassets */,
				CEDE242618C21CD50083B8DF /* Supporting Files */,
			);
			path = Source;
			sourceTree = "<group>";
		};
		CEDE242618C21CD50083B8DF /* Supporting Files */ = {
			isa = PBXGroup;
			children = (
				CEDE242718C21CD50083B8DF /* Quick-Info.plist */,
				CEDE242818C21CD50083B8DF /* InfoPlist.strings */,
				CEDE242B18C21CD50083B8DF /* main.m */,
				CEDE242D18C21CD50083B8DF /* Quick-Prefix.pch */,
			);
			name = "Supporting Files";
			sourceTree = "<group>";
		};
		CEDE244718C21CD50083B8DF /* Tests */ = {
			isa = PBXGroup;
			children = (
				CEDE244818C21CD50083B8DF /* Supporting Files */,
			);
			path = Tests;
			sourceTree = "<group>";
		};
		CEDE244818C21CD50083B8DF /* Supporting Files */ = {
			isa = PBXGroup;
			children = (
				CEDE244918C21CD50083B8DF /* QuickTests-Info.plist */,
				CEDE244A18C21CD50083B8DF /* InfoPlist.strings */,
			);
			name = "Supporting Files";
			sourceTree = "<group>";
		};
		CEDE245718C21E1C0083B8DF /* Model */ = {
			isa = PBXGroup;
			children = (
				CE1F4B251A7237FF0099D524 /* Global.h */,
				CE1F4B351A723CB30099D524 /* Model.h */,
				CE1F4B361A723CB30099D524 /* Model.m */,
				CE642A2119AEF567004FD9EF /* Api */,
				CE642A2019AEF46F004FD9EF /* Entity */,
			);
			name = Model;
			path = model;
			sourceTree = "<group>";
		};
		CEDE245918C21E370083B8DF /* Data */ = {
			isa = PBXGroup;
			children = (
				CE9FD64318CEE5650039667F /* local.sqlite */,
				CE9FD64118CEDD680039667F /* sql.txt */,
			);
			name = Data;
			path = ../Data;
			sourceTree = "<group>";
		};
		CEDE246B18C232CB0083B8DF /* Lib */ = {
			isa = PBXGroup;
			children = (
				CE1F4B081A7237D40099D524 /* AFNetworking */,
				CE1F4ACA1A7234FD0099D524 /* fmdb */,
			);
			name = Lib;
			path = ../Lib;
			sourceTree = "<group>";
		};
/* End PBXGroup section */

/* Begin PBXNativeTarget section */
		CEDE241B18C21CD50083B8DF /* Quick */ = {
			isa = PBXNativeTarget;
			buildConfigurationList = CEDE245118C21CD50083B8DF /* Build configuration list for PBXNativeTarget "Quick" */;
			buildPhases = (
				CEDE241818C21CD50083B8DF /* Sources */,
				CEDE241918C21CD50083B8DF /* Frameworks */,
				CEDE241A18C21CD50083B8DF /* Resources */,
			);
			buildRules = (
			);
			dependencies = (
			);
			name = Quick;
			productName = quicknote;
			productReference = CEDE241C18C21CD50083B8DF /* Quick.app */;
			productType = "com.apple.product-type.application";
		};
		CEDE243F18C21CD50083B8DF /* QuickTests */ = {
			isa = PBXNativeTarget;
			buildConfigurationList = CEDE245418C21CD50083B8DF /* Build configuration list for PBXNativeTarget "QuickTests" */;
			buildPhases = (
				CEDE243C18C21CD50083B8DF /* Sources */,
				CEDE243D18C21CD50083B8DF /* Frameworks */,
				CEDE243E18C21CD50083B8DF /* Resources */,
			);
			buildRules = (
			);
			dependencies = (
				CEDE244618C21CD50083B8DF /* PBXTargetDependency */,
			);
			name = QuickTests;
			productName = quicknoteTests;
			productReference = CEDE244018C21CD50083B8DF /* QuickTests.xctest */;
			productType = "com.apple.product-type.bundle.unit-test";
		};
/* End PBXNativeTarget section */

/* Begin PBXProject section */
		CEDE241418C21CD50083B8DF /* Project object */ = {
			isa = PBXProject;
			attributes = {
				LastUpgradeCheck = 0510;
				ORGANIZATIONNAME = hellomaya;
				TargetAttributes = {
					CEDE241B18C21CD50083B8DF = {
						SystemCapabilities = {
							com.apple.BackgroundModes = {
								enabled = 1;
							};
							com.apple.iOS = {
								enabled = 1;
							};
						};
					};
					CEDE243F18C21CD50083B8DF = {
						TestTargetID = CEDE241B18C21CD50083B8DF;
					};
				};
			};
			buildConfigurationList = CEDE241718C21CD50083B8DF /* Build configuration list for PBXProject "Quick" */;
			compatibilityVersion = "Xcode 3.2";
			developmentRegion = English;
			hasScannedForEncodings = 0;
			knownRegions = (
				en,
				Base,
			);
			mainGroup = CEDE241318C21CD50083B8DF;
			productRefGroup = CEDE241D18C21CD50083B8DF /* Products */;
			projectDirPath = "";
			projectRoot = "";
			targets = (
				CEDE241B18C21CD50083B8DF /* Quick */,
				CEDE243F18C21CD50083B8DF /* QuickTests */,
			);
		};
/* End PBXProject section */

/* Begin PBXResourcesBuildPhase section */
		CEDE241A18C21CD50083B8DF /* Resources */ = {
			isa = PBXResourcesBuildPhase;
			buildActionMask = 2147483647;
			files = (
				CE9FD64418CEE5650039667F /* local.sqlite in Resources */,
				CEDE243B18C21CD50083B8DF /* Images.xcassets in Resources */,
				CEDE242A18C21CD50083B8DF /* InfoPlist.strings in Resources */,
				CE9FD64218CEDD680039667F /* sql.txt in Resources */,
			);
			runOnlyForDeploymentPostprocessing = 0;
		};
		CEDE243E18C21CD50083B8DF /* Resources */ = {
			isa = PBXResourcesBuildPhase;
			buildActionMask = 2147483647;
			files = (
				CEDE244C18C21CD50083B8DF /* InfoPlist.strings in Resources */,
			);
			runOnlyForDeploymentPostprocessing = 0;
		};
/* End PBXResourcesBuildPhase section */

/* Begin PBXSourcesBuildPhase section */
		CEDE241818C21CD50083B8DF /* Sources */ = {
			isa = PBXSourcesBuildPhase;
			buildActionMask = 2147483647;
			files = (
				CE1F4B011A72373E0099D524 /* User.m in Sources */,
				CEDE243018C21CD50083B8DF /* AppDelegate.m in Sources */,
				CE1F4B221A7237D40099D524 /* AFURLRequestSerialization.m in Sources */,
				CE1F4AD61A7234FD0099D524 /* FMDatabase.m in Sources */,
				CE1F4B061A72378C0099D524 /* Image+ImageApi.m in Sources */,
				CE1F4AFF1A72373E0099D524 /* Setting.m in Sources */,
				CE7AC79A19CD93F80039FAE4 /* NetworkCache.m in Sources */,
				CE1F4AF91A72373E0099D524 /* Brand.m in Sources */,
				CE1F4ADA1A7234FD0099D524 /* FMResultSet.m in Sources */,
				CE1F4B331A723BDB0099D524 /* AppConfig.m in Sources */,
				CE1F4AF81A72373E0099D524 /* BackgroundTask.m in Sources */,
				CE1F4AFA1A72373E0099D524 /* Comment.m in Sources */,
				CE1F4B071A72378C0099D524 /* User+UserApi.m in Sources */,
				CEDE242C18C21CD50083B8DF /* main.m in Sources */,
				CE1F4B201A7237D40099D524 /* AFSecurityPolicy.m in Sources */,
				CE1F4B241A7237D40099D524 /* AFURLSessionManager.m in Sources */,
				CE1F4B211A7237D40099D524 /* AFURLConnectionOperation.m in Sources */,
				CE1F4AFD1A72373E0099D524 /* Note.m in Sources */,
				CE1F4B3A1A723CDF0099D524 /* DiskCache.m in Sources */,
				CE1F4B1F1A7237D40099D524 /* AFNetworkReachabilityManager.m in Sources */,
				CE1F4B371A723CB30099D524 /* Model.m in Sources */,
				CE1F4AFB1A72373E0099D524 /* Image.m in Sources */,
				CE1F4AD71A7234FD0099D524 /* FMDatabaseAdditions.m in Sources */,
				CE1F4B1D1A7237D40099D524 /* AFHTTPRequestOperationManager.m in Sources */,
				CE1F4B001A72373E0099D524 /* Theme.m in Sources */,
				CE1F4B1C1A7237D40099D524 /* AFHTTPRequestOperation.m in Sources */,
				CE1F4AFE1A72373E0099D524 /* Notification.m in Sources */,
				CE1F4AD91A7234FD0099D524 /* FMDatabaseQueue.m in Sources */,
				CE1F4AD81A7234FD0099D524 /* FMDatabasePool.m in Sources */,
				CE7AC79719CD93E50039FAE4 /* MemoryCache.m in Sources */,
				CE1F4B1E1A7237D40099D524 /* AFHTTPSessionManager.m in Sources */,
				CE1F4B341A723BDB0099D524 /* Bootstrap.m in Sources */,
				CE1F4B231A7237D40099D524 /* AFURLResponseSerialization.m in Sources */,
			);
			runOnlyForDeploymentPostprocessing = 0;
		};
		CEDE243C18C21CD50083B8DF /* Sources */ = {
			isa = PBXSourcesBuildPhase;
			buildActionMask = 2147483647;
			files = (
			);
			runOnlyForDeploymentPostprocessing = 0;
		};
/* End PBXSourcesBuildPhase section */

/* Begin PBXTargetDependency section */
		CEDE244618C21CD50083B8DF /* PBXTargetDependency */ = {
			isa = PBXTargetDependency;
			target = CEDE241B18C21CD50083B8DF /* Quick */;
			targetProxy = CEDE244518C21CD50083B8DF /* PBXContainerItemProxy */;
		};
/* End PBXTargetDependency section */

/* Begin PBXVariantGroup section */
		CEDE242818C21CD50083B8DF /* InfoPlist.strings */ = {
			isa = PBXVariantGroup;
			children = (
				CEDE242918C21CD50083B8DF /* en */,
			);
			name = InfoPlist.strings;
			sourceTree = "<group>";
		};
		CEDE244A18C21CD50083B8DF /* InfoPlist.strings */ = {
			isa = PBXVariantGroup;
			children = (
				CEDE244B18C21CD50083B8DF /* en */,
			);
			name = InfoPlist.strings;
			sourceTree = "<group>";
		};
/* End PBXVariantGroup section */

/* Begin XCBuildConfiguration section */
		CEDE244F18C21CD50083B8DF /* Debug */ = {
			isa = XCBuildConfiguration;
			buildSettings = {
				ALWAYS_SEARCH_USER_PATHS = NO;
				CLANG_CXX_LANGUAGE_STANDARD = "gnu++0x";
				CLANG_CXX_LIBRARY = "libc++";
				CLANG_ENABLE_MODULES = YES;
				CLANG_ENABLE_OBJC_ARC = YES;
				CLANG_WARN_BOOL_CONVERSION = YES;
				CLANG_WARN_CONSTANT_CONVERSION = YES;
				CLANG_WARN_DIRECT_OBJC_ISA_USAGE = YES_ERROR;
				CLANG_WARN_EMPTY_BODY = YES;
				CLANG_WARN_ENUM_CONVERSION = YES;
				CLANG_WARN_INT_CONVERSION = YES;
				CLANG_WARN_OBJC_ROOT_CLASS = YES_ERROR;
				CLANG_WARN__DUPLICATE_METHOD_MATCH = YES;
				"CODE_SIGN_IDENTITY[sdk=iphoneos*]" = "iPhone Developer";
				COPY_PHASE_STRIP = NO;
				GCC_C_LANGUAGE_STANDARD = gnu99;
				GCC_DYNAMIC_NO_PIC = NO;
				GCC_OPTIMIZATION_LEVEL = 0;
				GCC_PREPROCESSOR_DEFINITIONS = (
					"DEBUG=1",
					"$(inherited)",
				);
				GCC_SYMBOLS_PRIVATE_EXTERN = NO;
				GCC_WARN_64_TO_32_BIT_CONVERSION = YES;
				GCC_WARN_ABOUT_RETURN_TYPE = YES_ERROR;
				GCC_WARN_UNDECLARED_SELECTOR = YES;
				GCC_WARN_UNINITIALIZED_AUTOS = YES;
				GCC_WARN_UNUSED_FUNCTION = YES;
				GCC_WARN_UNUSED_VARIABLE = YES;
				IPHONEOS_DEPLOYMENT_TARGET = 7.0;
				ONLY_ACTIVE_ARCH = YES;
				PRODUCT_NAME = "Quick Note";
				SDKROOT = iphoneos;
			};
			name = Debug;
		};
		CEDE245018C21CD50083B8DF /* Release */ = {
			isa = XCBuildConfiguration;
			buildSettings = {
				ALWAYS_SEARCH_USER_PATHS = NO;
				CLANG_CXX_LANGUAGE_STANDARD = "gnu++0x";
				CLANG_CXX_LIBRARY = "libc++";
				CLANG_ENABLE_MODULES = YES;
				CLANG_ENABLE_OBJC_ARC = YES;
				CLANG_WARN_BOOL_CONVERSION = YES;
				CLANG_WARN_CONSTANT_CONVERSION = YES;
				CLANG_WARN_DIRECT_OBJC_ISA_USAGE = YES_ERROR;
				CLANG_WARN_EMPTY_BODY = YES;
				CLANG_WARN_ENUM_CONVERSION = YES;
				CLANG_WARN_INT_CONVERSION = YES;
				CLANG_WARN_OBJC_ROOT_CLASS = YES_ERROR;
				CLANG_WARN__DUPLICATE_METHOD_MATCH = YES;
				"CODE_SIGN_IDENTITY[sdk=iphoneos*]" = "iPhone Developer";
				COPY_PHASE_STRIP = YES;
				ENABLE_NS_ASSERTIONS = NO;
				GCC_C_LANGUAGE_STANDARD = gnu99;
				GCC_WARN_64_TO_32_BIT_CONVERSION = YES;
				GCC_WARN_ABOUT_RETURN_TYPE = YES_ERROR;
				GCC_WARN_UNDECLARED_SELECTOR = YES;
				GCC_WARN_UNINITIALIZED_AUTOS = YES;
				GCC_WARN_UNUSED_FUNCTION = YES;
				GCC_WARN_UNUSED_VARIABLE = YES;
				IPHONEOS_DEPLOYMENT_TARGET = 7.0;
				PRODUCT_NAME = "Quick Note";
				SDKROOT = iphoneos;
				VALIDATE_PRODUCT = YES;
			};
			name = Release;
		};
		CEDE245218C21CD50083B8DF /* Debug */ = {
			isa = XCBuildConfiguration;
			buildSettings = {
				ASSETCATALOG_COMPILER_APPICON_NAME = AppIcon;
				ASSETCATALOG_COMPILER_LAUNCHIMAGE_NAME = LaunchImage;
				GCC_PRECOMPILE_PREFIX_HEADER = YES;
				GCC_PREFIX_HEADER = "Source/Quick-Prefix.pch";
				INFOPLIST_FILE = "Source/Quick-Info.plist";
				PRODUCT_NAME = Quick;
				WRAPPER_EXTENSION = app;
			};
			name = Debug;
		};
		CEDE245318C21CD50083B8DF /* Release */ = {
			isa = XCBuildConfiguration;
			buildSettings = {
				ASSETCATALOG_COMPILER_APPICON_NAME = AppIcon;
				ASSETCATALOG_COMPILER_LAUNCHIMAGE_NAME = LaunchImage;
				GCC_PRECOMPILE_PREFIX_HEADER = YES;
				GCC_PREFIX_HEADER = "Source/Quick-Prefix.pch";
				INFOPLIST_FILE = "Source/Quick-Info.plist";
				PRODUCT_NAME = Quick;
				WRAPPER_EXTENSION = app;
			};
			name = Release;
		};
		CEDE245518C21CD50083B8DF /* Debug */ = {
			isa = XCBuildConfiguration;
			buildSettings = {
				BUNDLE_LOADER = "$(BUILT_PRODUCTS_DIR)/quicknote.app/quicknote";
				FRAMEWORK_SEARCH_PATHS = (
					"$(SDKROOT)/Developer/Library/Frameworks",
					"$(inherited)",
					"$(DEVELOPER_FRAMEWORKS_DIR)",
				);
				GCC_PRECOMPILE_PREFIX_HEADER = YES;
				GCC_PREFIX_HEADER = "Source/Quick-Prefix.pch";
				GCC_PREPROCESSOR_DEFINITIONS = (
					"DEBUG=1",
					"$(inherited)",
				);
				INFOPLIST_FILE = "Tests/QuickTests-Info.plist";
				PRODUCT_NAME = QuickTests;
				TEST_HOST = "$(BUNDLE_LOADER)";
				WRAPPER_EXTENSION = xctest;
			};
			name = Debug;
		};
		CEDE245618C21CD50083B8DF /* Release */ = {
			isa = XCBuildConfiguration;
			buildSettings = {
				BUNDLE_LOADER = "$(BUILT_PRODUCTS_DIR)/quicknote.app/quicknote";
				FRAMEWORK_SEARCH_PATHS = (
					"$(SDKROOT)/Developer/Library/Frameworks",
					"$(inherited)",
					"$(DEVELOPER_FRAMEWORKS_DIR)",
				);
				GCC_PRECOMPILE_PREFIX_HEADER = YES;
				GCC_PREFIX_HEADER = "Source/Quick-Prefix.pch";
				INFOPLIST_FILE = "Tests/QuickTests-Info.plist";
				PRODUCT_NAME = QuickTests;
				TEST_HOST = "$(BUNDLE_LOADER)";
				WRAPPER_EXTENSION = xctest;
			};
			name = Release;
		};
/* End XCBuildConfiguration section */

/* Begin XCConfigurationList section */
		CEDE241718C21CD50083B8DF /* Build configuration list for PBXProject "Quick" */ = {
			isa = XCConfigurationList;
			buildConfigurations = (
				CEDE244F18C21CD50083B8DF /* Debug */,
				CEDE245018C21CD50083B8DF /* Release */,
			);
			defaultConfigurationIsVisible = 0;
			defaultConfigurationName = Release;
		};
		CEDE245118C21CD50083B8DF /* Build configuration list for PBXNativeTarget "Quick" */ = {
			isa = XCConfigurationList;
			buildConfigurations = (
				CEDE245218C21CD50083B8DF /* Debug */,
				CEDE245318C21CD50083B8DF /* Release */,
			);
			defaultConfigurationIsVisible = 0;
			defaultConfigurationName = Release;
		};
		CEDE245418C21CD50083B8DF /* Build configuration list for PBXNativeTarget "QuickTests" */ = {
			isa = XCConfigurationList;
			buildConfigurations = (
				CEDE245518C21CD50083B8DF /* Debug */,
				CEDE245618C21CD50083B8DF /* Release */,
			);
			defaultConfigurationIsVisible = 0;
			defaultConfigurationName = Release;
		};
/* End XCConfigurationList section */
	};
	rootObject = CEDE241418C21CD50083B8DF /* Project object */;
}
